{
  "requires": true,
  "lockfileVersion": 1,
  "dependencies": {
    "emoji-datasource": {
      "version": "4.0.0",
      "resolved": "https://registry.npmjs.org/emoji-datasource/-/emoji-datasource-4.0.0.tgz",
      "integrity": "sha1-P8nAwvT7Mh2SkROIGfbRAGA9Pi8="
    },
    "emoji-js": {
      "version": "3.4.1",
      "resolved": "https://registry.npmjs.org/emoji-js/-/emoji-js-3.4.1.tgz",
      "integrity": "sha1-QizfGE/YGKkQKJhh6tR4LbPo3I0=",
      "requires": {
        "emoji-datasource": "4.0.0"
      }
    },
    "jquery": {
      "version": "3.3.1",
      "resolved": "https://registry.npmjs.org/jquery/-/jquery-3.3.1.tgz",
      "integrity": "sha512-Ubldcmxp5np52/ENotGxlLe6aGMvmF4R8S6tZjsP6Knsaxd/xp3Zrh50cG93lR6nPXyUFwzN3ZSOQI0wRJNdGg=="
    }
  }
}
